{
  "requires": true,
  "lockfileVersion": 1,
  "dependencies": {
    "@dermis/aspect-ratio": {
      "version": "0.21.0",
      "resolved": "https://registry.npmjs.org/@dermis/aspect-ratio/-/aspect-ratio-0.21.0.tgz",
      "integrity": "sha512-D7oM5LDjulZb6tFyMEUQTcum82+X1SlCdufToB/w+J7DE8eLXG648bp7eWUms4sDB3OGpyXFmwusnBxoHAEZdQ=="
    },
    "@dermis/avatar": {
      "version": "0.21.0",
      "resolved": "https://registry.npmjs.org/@dermis/avatar/-/avatar-0.21.0.tgz",
      "integrity": "sha512-j5cITLEstJOwywzkZl7PsEKhAGSEy61a6lxYEyW1BaQ2LqWIY7ldM6OHuHllTO72c84ohV95HSuVYTyhxLfNrw=="
    },
    "@dermis/base": {
      "version": "0.21.0",
      "resolved": "https://registry.npmjs.org/@dermis/base/-/base-0.21.0.tgz",
      "integrity": "sha512-0p1hAGPQKQ8M5mr6JJ7yKXHCuvSe2rzDrYPYJqXz0uptHzNX643fOBiMYvzwEf9qnqM5meGvU0PiJkwosqJmVw=="
    },
    "@dermis/caption": {
      "version": "0.21.3",
      "resolved": "https://registry.npmjs.org/@dermis/caption/-/caption-0.21.3.tgz",
      "integrity": "sha512-2KO4gZiShB/MNNl5dozrkY/zNlp3av3nIlAqBwW9uDbsXHj8nLge9QvMTj1rjzKRgIXf+z2dLuXyYuxZTvrrQQ=="
    },
    "@dermis/controls": {
      "version": "0.21.3",
      "resolved": "https://registry.npmjs.org/@dermis/controls/-/controls-0.21.3.tgz",
      "integrity": "sha512-jDg6RVVAV2wEyaLtRHqU53dZQZ8bYj6PMZIY4slpJBRCXLIw7gLn/OTzdrQVzPBba+m2j6PNQDM87rplIxYPvw=="
    },
    "@dermis/dermis": {
      "version": "0.21.3",
      "resolved": "https://registry.npmjs.org/@dermis/dermis/-/dermis-0.21.3.tgz",
      "integrity": "sha512-5W667lO9RaDu6NdOinD4U+wVNAvXRpQlQ2Ima9/i2o+Rm8+2iSF+5y19TT7qCihBsBie2YpvAdDtyMcY64+dQg==",
      "requires": {
        "@dermis/aspect-ratio": "^0.21.0",
        "@dermis/avatar": "^0.21.0",
        "@dermis/base": "^0.21.0",
        "@dermis/caption": "^0.21.3",
        "@dermis/controls": "^0.21.3",
        "@dermis/grid": "^0.21.3",
        "@dermis/inliner": "^0.21.3",
        "@dermis/link": "^0.21.2",
        "@dermis/mq": "^0.21.3",
        "@dermis/panel": "^0.21.3",
        "@dermis/qproxy": "^0.21.0",
        "@dermis/rut": "^0.21.0",
        "@dermis/section": "^0.21.3",
        "@dermis/table": "^0.21.3",
        "@dermis/tone": "^0.21.2",
        "@dermis/type": "^0.21.0",
        "@dermis/utils": "^0.21.0"
      }
    },
    "@dermis/grid": {
      "version": "0.21.3",
      "resolved": "https://registry.npmjs.org/@dermis/grid/-/grid-0.21.3.tgz",
      "integrity": "sha512-pdyXHXt2aKG6Wtl3B4z1AvYR+MKJIzsWWl6RJFeUZxg8rJuGxpWgoXwj4hp3KnoAxP5oJy/hdXE1uh4v33kkqg=="
    },
    "@dermis/inliner": {
      "version": "0.21.3",
      "resolved": "https://registry.npmjs.org/@dermis/inliner/-/inliner-0.21.3.tgz",
      "integrity": "sha512-iocHqfGNfOs+nF1c6nN5usGP6ZAdG5BcqEMUKO7DLLMMsRsSNK/wvjf3g9s+sYdEOknfMN5XMDT9gQHiZ/oSWw=="
    },
    "@dermis/link": {
      "version": "0.21.2",
      "resolved": "https://registry.npmjs.org/@dermis/link/-/link-0.21.2.tgz",
      "integrity": "sha512-jnmUINTBp6qsc6FwZH38LlMyiO777oO4/T4XvFuh8nUohHdzKFElx/20nSU2Vbzqb+/G4TVoRATh264WhLRSqA=="
    },
    "@dermis/mq": {
      "version": "0.21.3",
      "resolved": "https://registry.npmjs.org/@dermis/mq/-/mq-0.21.3.tgz",
      "integrity": "sha512-fUpsyasYX+4w97efVXMqyf13g9EIXXzMk7h+USyWHPTMwtr7oGDpp02S+Y+Gx2gKDED7lngghlsdQUcLVVXbmQ=="
    },
    "@dermis/panel": {
      "version": "0.21.3",
      "resolved": "https://registry.npmjs.org/@dermis/panel/-/panel-0.21.3.tgz",
      "integrity": "sha512-XEIpwoFvoJkZeHbH1KCxXiuAejgDnbPvKNLpScv3DbeCxrGpZIeeAq3LGYV8wVJ3to8LTE7nO9NJBz9ToOq5Cg=="
    },
    "@dermis/qproxy": {
      "version": "0.21.0",
      "resolved": "https://registry.npmjs.org/@dermis/qproxy/-/qproxy-0.21.0.tgz",
      "integrity": "sha512-e3OxukiIkjHtQy7wUBWjdtDTGU/ZXXTIqBREHOv2hRs/t3qyYdHspIXU9g02thojck7RyCCORu2qr1hqSEGGpQ=="
    },
    "@dermis/rut": {
      "version": "0.21.0",
      "resolved": "https://registry.npmjs.org/@dermis/rut/-/rut-0.21.0.tgz",
      "integrity": "sha512-WOxOLI+wbRPakW+G5jaNVCeO/qx/n1tvxzJzKmfrFnGC15ZGPy5zFG+JUpMYOtp4Y/BL+Fx/S/0czChi1KQ21Q=="
    },
    "@dermis/section": {
      "version": "0.21.3",
      "resolved": "https://registry.npmjs.org/@dermis/section/-/section-0.21.3.tgz",
      "integrity": "sha512-Ee4LNdzvUrPlGco7vyXc5K0zJA6e06rAcxJzRnPos3dAyx6QkgrBnHHNSHEkjn/iyYU4SAx7Z58TQ6gjBC/ajw=="
    },
    "@dermis/table": {
      "version": "0.21.3",
      "resolved": "https://registry.npmjs.org/@dermis/table/-/table-0.21.3.tgz",
      "integrity": "sha512-J+vSThqFZrvMlrH050OVGzmDInBlk/xyhRd8ElmG4Huf9L2K1Vr/4uEyNRYkG/eaMbROCIOpIaVTNIO7Ttq4dA=="
    },
    "@dermis/tone": {
      "version": "0.21.2",
      "resolved": "https://registry.npmjs.org/@dermis/tone/-/tone-0.21.2.tgz",
      "integrity": "sha512-CQ8fwZJQUYY2mvzeR626pCN3AWoQnRpDm1byvslpbnU6Xn6vGdc2P/pa4TqTGUpC6V23xCrB8rOq9cfNETZ09Q=="
    },
    "@dermis/type": {
      "version": "0.21.0",
      "resolved": "https://registry.npmjs.org/@dermis/type/-/type-0.21.0.tgz",
      "integrity": "sha512-M+nEP/gznzePZds95HN4mA7G51JwSy0a8TA3nCzkfrB2ab/LRbLC4MvTf2k/+QxhesIfmcL9MfOZTpZUkZ1xpw=="
    },
    "@dermis/utils": {
      "version": "0.21.0",
      "resolved": "https://registry.npmjs.org/@dermis/utils/-/utils-0.21.0.tgz",
      "integrity": "sha512-XkAyAG+rNvR5rNbjUy3hXaQdQpWyTROrgzRi1r4MbUQ+qUkWq3nZbCT06q3LPMB8xBtJ+Iox3OmcYBuNvXPE2g=="
    },
    "async": {
      "version": "2.6.3",
      "resolved": "https://registry.npmjs.org/async/-/async-2.6.3.tgz",
      "integrity": "sha512-zflvls11DCy+dQWzTW2dzuilv8Z5X/pjfmZOWba6TNIVDm+2UDaJmXSOXlasHKfNBs8oo3M0aT50fDEWfKZjXg==",
      "requires": {
        "lodash": "^4.17.14"
      }
    },
    "basic-auth": {
      "version": "1.1.0",
      "resolved": "https://registry.npmjs.org/basic-auth/-/basic-auth-1.1.0.tgz",
      "integrity": "sha1-RSIe5Cn37h5QNb4/UVM/HN/SmIQ="
    },
    "colors": {
      "version": "1.4.0",
      "resolved": "https://registry.npmjs.org/colors/-/colors-1.4.0.tgz",
      "integrity": "sha512-a+UqTh4kgZg/SlGvfbzDHpgRu7AAQOmmqRHJnxhRZICKFUT91brVhNNt58CMWU9PsBbv3PDCZUHbVxuDiH2mtA=="
    },
    "corser": {
      "version": "2.0.1",
      "resolved": "https://registry.npmjs.org/corser/-/corser-2.0.1.tgz",
      "integrity": "sha1-jtolLsqrWEDc2XXOuQ2TcMgZ/4c="
    },
    "debug": {
      "version": "3.2.7",
      "resolved": "https://registry.npmjs.org/debug/-/debug-3.2.7.tgz",
      "integrity": "sha512-CFjzYYAi4ThfiQvizrFQevTTXHtnCqWfe7x1AhgEscTz6ZbLbfoLRLPugTQyBth6f8ZERVUSyWHFD/7Wu4t1XQ==",
      "requires": {
        "ms": "^2.1.1"
      }
    },
    "ecstatic": {
      "version": "3.3.2",
      "resolved": "https://registry.npmjs.org/ecstatic/-/ecstatic-3.3.2.tgz",
      "integrity": "sha512-fLf9l1hnwrHI2xn9mEDT7KIi22UDqA2jaCwyCbSUJh9a1V+LEUSL/JO/6TIz/QyuBURWUHrFL5Kg2TtO1bkkog==",
      "requires": {
        "he": "^1.1.1",
        "mime": "^1.6.0",
        "minimist": "^1.1.0",
        "url-join": "^2.0.5"
      }
    },
    "eventemitter3": {
      "version": "4.0.7",
      "resolved": "https://registry.npmjs.org/eventemitter3/-/eventemitter3-4.0.7.tgz",
      "integrity": "sha512-8guHBZCwKnFhYdHr2ysuRWErTwhoN2X8XELRlrRwpmfeY2jjuUN4taQMsULKUVo1K4DvZl+0pgfyoysHxvmvEw=="
    },
    "follow-redirects": {
      "version": "1.13.1",
      "resolved": "https://registry.npmjs.org/follow-redirects/-/follow-redirects-1.13.1.tgz",
      "integrity": "sha512-SSG5xmZh1mkPGyKzjZP8zLjltIfpW32Y5QpdNJyjcfGxK3qo3NDDkZOZSFiGn1A6SclQxY9GzEwAHQ3dmYRWpg=="
    },
    "he": {
      "version": "1.2.0",
      "resolved": "https://registry.npmjs.org/he/-/he-1.2.0.tgz",
      "integrity": "sha512-F/1DnUGPopORZi0ni+CvrCgHQ5FyEAHRLSApuYWMmrbSwoN2Mn/7k+Gl38gJnR7yyDZk6WLXwiGod1JOWNDKGw=="
    },
    "http-proxy": {
      "version": "1.18.1",
      "resolved": "https://registry.npmjs.org/http-proxy/-/http-proxy-1.18.1.tgz",
      "integrity": "sha512-7mz/721AbnJwIVbnaSv1Cz3Am0ZLT/UBwkC92VlxhXv/k/BBQfM2fXElQNC27BVGr0uwUpplYPQM9LnaBMR5NQ==",
      "requires": {
        "eventemitter3": "^4.0.0",
        "follow-redirects": "^1.0.0",
        "requires-port": "^1.0.0"
      }
    },
    "http-server": {
      "version": "0.12.3",
      "resolved": "https://registry.npmjs.org/http-server/-/http-server-0.12.3.tgz",
      "integrity": "sha512-be0dKG6pni92bRjq0kvExtj/NrrAd28/8fCXkaI/4piTwQMSDSLMhWyW0NI1V+DBI3aa1HMlQu46/HjVLfmugA==",
      "requires": {
        "basic-auth": "^1.0.3",
        "colors": "^1.4.0",
        "corser": "^2.0.1",
        "ecstatic": "^3.3.2",
        "http-proxy": "^1.18.0",
        "minimist": "^1.2.5",
        "opener": "^1.5.1",
        "portfinder": "^1.0.25",
        "secure-compare": "3.0.1",
        "union": "~0.5.0"
      }
    },
    "lodash": {
      "version": "4.17.20",
      "resolved": "https://registry.npmjs.org/lodash/-/lodash-4.17.20.tgz",
      "integrity": "sha512-PlhdFcillOINfeV7Ni6oF1TAEayyZBoZ8bcshTHqOYJYlrqzRK5hagpagky5o4HfCzzd1TRkXPMFq6cKk9rGmA=="
    },
    "mime": {
      "version": "1.6.0",
      "resolved": "https://registry.npmjs.org/mime/-/mime-1.6.0.tgz",
      "integrity": "sha512-x0Vn8spI+wuJ1O6S7gnbaQg8Pxh4NNHb7KSINmEWKiPE4RKOplvijn+NkmYmmRgP68mc70j2EbeTFRsrswaQeg=="
    },
    "minimist": {
      "version": "1.2.5",
      "resolved": "https://registry.npmjs.org/minimist/-/minimist-1.2.5.tgz",
      "integrity": "sha512-FM9nNUYrRBAELZQT3xeZQ7fmMOBg6nWNmJKTcgsJeaLstP/UODVpGsr5OhXhhXg6f+qtJ8uiZ+PUxkDWcgIXLw=="
    },
    "mkdirp": {
      "version": "0.5.5",
      "resolved": "https://registry.npmjs.org/mkdirp/-/mkdirp-0.5.5.tgz",
      "integrity": "sha512-NKmAlESf6jMGym1++R0Ra7wvhV+wFW63FaSOFPwRahvea0gMUcGUhVeAg/0BC0wiv9ih5NYPB1Wn1UEI1/L+xQ==",
      "requires": {
        "minimist": "^1.2.5"
      }
    },
    "ms": {
      "version": "2.1.3",
      "resolved": "https://registry.npmjs.org/ms/-/ms-2.1.3.tgz",
      "integrity": "sha512-6FlzubTLZG3J2a/NVCAleEhjzq5oxgHyaCU9yYXvcLsvoVaHJq/s5xXI6/XXP6tz7R9xAOtHnSO/tXtF3WRTlA=="
    },
    "opener": {
      "version": "1.5.2",
      "resolved": "https://registry.npmjs.org/opener/-/opener-1.5.2.tgz",
      "integrity": "sha512-ur5UIdyw5Y7yEj9wLzhqXiy6GZ3Mwx0yGI+5sMn2r0N0v3cKJvUmFH5yPP+WXh9e0xfyzyJX95D8l088DNFj7A=="
    },
    "portfinder": {
      "version": "1.0.28",
      "resolved": "https://registry.npmjs.org/portfinder/-/portfinder-1.0.28.tgz",
      "integrity": "sha512-Se+2isanIcEqf2XMHjyUKskczxbPH7dQnlMjXX6+dybayyHvAf/TCgyMRlzf/B6QDhAEFOGes0pzRo3by4AbMA==",
      "requires": {
        "async": "^2.6.2",
        "debug": "^3.1.1",
        "mkdirp": "^0.5.5"
      }
    },
    "qs": {
      "version": "6.9.4",
      "resolved": "https://registry.npmjs.org/qs/-/qs-6.9.4.tgz",
      "integrity": "sha512-A1kFqHekCTM7cz0udomYUoYNWjBebHm/5wzU/XqrBRBNWectVH0QIiN+NEcZ0Dte5hvzHwbr8+XQmguPhJ6WdQ=="
    },
    "requires-port": {
      "version": "1.0.0",
      "resolved": "https://registry.npmjs.org/requires-port/-/requires-port-1.0.0.tgz",
      "integrity": "sha1-kl0mAdOaxIXgkc8NpcbmlNw9yv8="
    },
    "secure-compare": {
      "version": "3.0.1",
      "resolved": "https://registry.npmjs.org/secure-compare/-/secure-compare-3.0.1.tgz",
      "integrity": "sha1-8aAymzCLIh+uN7mXTz1XjQypmeM="
    },
    "union": {
      "version": "0.5.0",
      "resolved": "https://registry.npmjs.org/union/-/union-0.5.0.tgz",
      "integrity": "sha512-N6uOhuW6zO95P3Mel2I2zMsbsanvvtgn6jVqJv4vbVcz/JN0OkL9suomjQGmWtxJQXOCqUJvquc1sMeNz/IwlA==",
      "requires": {
        "qs": "^6.4.0"
      }
    },
    "url-join": {
      "version": "2.0.5",
      "resolved": "https://registry.npmjs.org/url-join/-/url-join-2.0.5.tgz",
      "integrity": "sha1-WvIvGMBSoACkjXuCxenC4v7tpyg="
    }
  }
}
